
Microsoft Visual Studio Solution File, Format Version 12.00
# Visual Studio Version 16
VisualStudioVersion = 16.0.30104.148
MinimumVisualStudioVersion = 10.0.40219.1
Project("{FAE04EC0-301F-11D3-BF4B-00C04F79EFBC}") = "MDIproject", "MDIproject\MDIproject.csproj", "{1DC91A06-BBBC-49C6-9944-EB04C77842B7}"
EndProject
Global
	GlobalSection(SolutionConfigurationPlatforms) = preSolution
		Debug|Any CPU = Debug|Any CPU
		Release|Any CPU = Release|Any CPU
	EndGlobalSection
	GlobalSection(ProjectConfigurationPlatforms) = postSolution
		{1DC91A06-BBBC-49C6-9944-EB04C77842B7}.Debug|Any CPU.ActiveCfg = Debug|Any CPU
		{1DC91A06-BBBC-49C6-9944-EB04C77842B7}.Debug|Any CPU.Build.0 = Debug|Any CPU
		{1DC91A06-BBBC-49C6-9944-EB04C77842B7}.Release|Any CPU.ActiveCfg = Release|Any CPU
		{1DC91A06-BBBC-49C6-9944-EB04C77842B7}.Release|Any CPU.Build.0 = Release|Any CPU
	EndGlobalSection
	GlobalSection(SolutionProperties) = preSolution
		HideSolutionNode = FALSE
	EndGlobalSection
	GlobalSection(ExtensibilityGlobals) = postSolution
		SolutionGuid = {3B545E42-FA5E-4600-818A-11FAF4DF75A0}
	EndGlobalSection
EndGlobal
